
Microsoft Visual Studio Solution File, Format Version 12.00
# Visual Studio Version 17
VisualStudioVersion = 17.0.31903.59
MinimumVisualStudioVersion = 10.0.40219.1
Project("{2150E333-8FDC-42A3-9474-1A3956D46DE8}") = "src", "src", "{827E0CD3-B72D-47B6-A68D-7590B98EB39B}"
EndProject
Project("{FAE04EC0-301F-11D3-BF4B-00C04F79EFBC}") = "BackWave.Dashboard", "src\BackWave.Dashboard\BackWave.Dashboard.csproj", "{7D6C2177-4D9A-4830-BD9E-2C13950C82E5}"
EndProject
Project("{FAE04EC0-301F-11D3-BF4B-00C04F79EFBC}") = "BackWave.EntityFrameworkCore", "src\BackWave.EntityFrameworkCore\BackWave.EntityFrameworkCore.csproj", "{0BD5EC78-4D35-4C03-87FA-BC4DB041BCDF}"
EndProject
Project("{FAE04EC0-301F-11D3-BF4B-00C04F79EFBC}") = "BackWave.Postgres", "src\BackWave.Postgres\BackWave.Postgres.csproj", "{6BEE0A6E-C18F-4275-B116-B151E8527B48}"
EndProject
Project("{FAE04EC0-301F-11D3-BF4B-00C04F79EFBC}") = "BackWave.SqlServer", "src\BackWave.SqlServer\BackWave.SqlServer.csproj", "{E57D0663-94D8-4AB9-960E-010E6154A5AA}"
EndProject
Project("{FAE04EC0-301F-11D3-BF4B-00C04F79EFBC}") = "BackWave.Testing", "src\BackWave.Testing\BackWave.Testing.csproj", "{C4FCA10E-4EDF-42C0-8FB3-3CC5D7E9053E}"
EndProject
Project("{FAE04EC0-301F-11D3-BF4B-00C04F79EFBC}") = "BackWave", "src\BackWave\BackWave.csproj", "{DF7A9666-0F88-42CA-827A-9501CFCF9524}"
EndProject
Project("{2150E333-8FDC-42A3-9474-1A3956D46DE8}") = "tests", "tests", "{0AB3BF05-4346-4AA6-1389-037BE0695223}"
EndProject
Project("{FAE04EC0-301F-11D3-BF4B-00C04F79EFBC}") = "BackWave.Dashboard.Tests", "tests\BackWave.Dashboard.Tests\BackWave.Dashboard.Tests.csproj", "{9B56FD6B-E0AD-42FF-A8D1-1850C75E559C}"
EndProject
Project("{FAE04EC0-301F-11D3-BF4B-00C04F79EFBC}") = "BackWave.EntityFrameworkCore.Tests", "tests\BackWave.EntityFrameworkCore.Tests\BackWave.EntityFrameworkCore.Tests.csproj", "{6C7AD96C-61D1-4097-853B-161973D2AE7D}"
EndProject
Project("{FAE04EC0-301F-11D3-BF4B-00C04F79EFBC}") = "BackWave.Postgres.Tests", "tests\BackWave.Postgres.Tests\BackWave.Postgres.Tests.csproj", "{040B4B6E-37A6-447F-9A9E-560D38A73DB0}"
EndProject
Project("{FAE04EC0-301F-11D3-BF4B-00C04F79EFBC}") = "BackWave.SqlServer.Tests", "tests\BackWave.SqlServer.Tests\BackWave.SqlServer.Tests.csproj", "{B909FA2D-2CA5-4197-9A7E-993594D6C0E0}"
EndProject
Project("{FAE04EC0-301F-11D3-BF4B-00C04F79EFBC}") = "BackWave.Testing.Tests", "tests\BackWave.Testing.Tests\BackWave.Testing.Tests.csproj", "{B560F439-8F4F-4871-83C3-9B30121CC6E5}"
EndProject
Project("{FAE04EC0-301F-11D3-BF4B-00C04F79EFBC}") = "BackWave.Tests", "tests\BackWave.Tests\BackWave.Tests.csproj", "{A3F45CFB-6147-441A-9B6D-CEB952FBEC45}"
EndProject
Project("{FAE04EC0-301F-11D3-BF4B-00C04F79EFBC}") = "BackWave.SourceGenerators", "src\BackWave.SourceGenerators\BackWave.SourceGenerators.csproj", "{C645998C-74C4-4E33-B3FD-450FA33DE496}"
EndProject
Project("{FAE04EC0-301F-11D3-BF4B-00C04F79EFBC}") = "BackWave.SourceGenerators.Tests", "tests\BackWave.SourceGenerators.Tests\BackWave.SourceGenerators.Tests.csproj", "{45C62B1D-8185-42FB-954A-170D382F667E}"
EndProject
Project("{FAE04EC0-301F-11D3-BF4B-00C04F79EFBC}") = "BackWave.Hosting", "src\BackWave.Hosting\BackWave.Hosting.csproj", "{4D05F1EA-3154-434D-A0AB-D31CB424540C}"
EndProject
Project("{FAE04EC0-301F-11D3-BF4B-00C04F79EFBC}") = "BackWave.Hosting.Tests", "tests\BackWave.Hosting.Tests\BackWave.Hosting.Tests.csproj", "{9CB6AF93-36EE-489E-84CB-FC0CF6A12DC1}"
EndProject
Project("{FAE04EC0-301F-11D3-BF4B-00C04F79EFBC}") = "BackWave.Conformance", "src\BackWave.Conformance\BackWave.Conformance.csproj", "{3CA49765-16D7-4431-9473-2B94F5A21FB5}"
EndProject
Project("{2150E333-8FDC-42A3-9474-1A3956D46DE8}") = "samples", "samples", "{5D20AA90-6969-D8BD-9DCD-8634F4692FDA}"
EndProject
Project("{FAE04EC0-301F-11D3-BF4B-00C04F79EFBC}") = "BackWave.Sample.Api", "samples\BackWave.Sample.Api\BackWave.Sample.Api.csproj", "{EED7D390-D2BA-4E7C-A30A-34A0D628A284}"
EndProject
Project("{FAE04EC0-301F-11D3-BF4B-00C04F79EFBC}") = "BackWave.Simulation", "tests\BackWave.Simulation\BackWave.Simulation.csproj", "{49F93DA5-15BF-4073-9D7E-9741BDC8FD1F}"
EndProject
Project("{FAE04EC0-301F-11D3-BF4B-00C04F79EFBC}") = "BackWave.Vopr", "tests\BackWave.Vopr\BackWave.Vopr.csproj", "{8BBFBFA8-00B7-4354-AE2E-6CC6BA7A747E}"
EndProject
Project("{FAE04EC0-301F-11D3-BF4B-00C04F79EFBC}") = "BackWave.Sqlite", "src\BackWave.Sqlite\BackWave.Sqlite.csproj", "{93E7E2C4-8760-41A1-AB0C-8C84B688498A}"
EndProject
Project("{FAE04EC0-301F-11D3-BF4B-00C04F79EFBC}") = "BackWave.Sqlite.Tests", "tests\BackWave.Sqlite.Tests\BackWave.Sqlite.Tests.csproj", "{2BDBE3E1-A665-4FA8-844B-D262C1AA9CFB}"
EndProject
Project("{FAE04EC0-301F-11D3-BF4B-00C04F79EFBC}") = "BackWave.Pro", "src\BackWave.Pro\BackWave.Pro.csproj", "{D0DAE3A3-F8C8-427F-A29C-EA6075067702}"
EndProject
Project("{FAE04EC0-301F-11D3-BF4B-00C04F79EFBC}") = "BackWave.Pro.Tests", "tests\BackWave.Pro.Tests\BackWave.Pro.Tests.csproj", "{A4637D5E-2369-402D-97D0-C248EEBB6E68}"
EndProject
Project("{FAE04EC0-301F-11D3-BF4B-00C04F79EFBC}") = "BackWave.Pro.Dashboard", "src\BackWave.Pro.Dashboard\BackWave.Pro.Dashboard.csproj", "{3830B52A-D87B-4216-AFA6-95EA872A4F6D}"
EndProject
Project("{FAE04EC0-301F-11D3-BF4B-00C04F79EFBC}") = "BackWave.Pro.Dashboard.Tests", "tests\BackWave.Pro.Dashboard.Tests\BackWave.Pro.Dashboard.Tests.csproj", "{A3293F77-0EA7-4FD6-BFE5-7DDC865757CC}"
EndProject
Project("{2150E333-8FDC-42A3-9474-1A3956D46DE8}") = "benchmarks", "benchmarks", "{66320409-64EC-F7C5-3DEF-65E7510DAAD1}"
EndProject
Project("{FAE04EC0-301F-11D3-BF4B-00C04F79EFBC}") = "BackWave.Benchmarks", "benchmarks\BackWave.Benchmarks\BackWave.Benchmarks.csproj", "{19B7BA9C-0F93-442F-A798-012574FD0AA6}"
EndProject
Project("{FAE04EC0-301F-11D3-BF4B-00C04F79EFBC}") = "BackWave.Benchmarks.Tests", "tests\BackWave.Benchmarks.Tests\BackWave.Benchmarks.Tests.csproj", "{78A906BB-C699-41D9-84EC-72C4A86C51CA}"
EndProject
Project("{FAE04EC0-301F-11D3-BF4B-00C04F79EFBC}") = "BackWave.Torture", "tests\BackWave.Torture\BackWave.Torture.csproj", "{DB932527-C17F-4F34-BB2C-DF0920BD0E89}"
EndProject
Project("{FAE04EC0-301F-11D3-BF4B-00C04F79EFBC}") = "BackWave.SchemaGate.Tests", "tests\BackWave.SchemaGate.Tests\BackWave.SchemaGate.Tests.csproj", "{2CED088F-EF97-4A01-804E-EA313A509409}"
EndProject
Project("{FAE04EC0-301F-11D3-BF4B-00C04F79EFBC}") = "BackWave.Upgrade.Tests", "tests\BackWave.Upgrade.Tests\BackWave.Upgrade.Tests.csproj", "{11242C81-873E-44AC-A938-093E4A670A48}"
EndProject
Project("{FAE04EC0-301F-11D3-BF4B-00C04F79EFBC}") = "BackWave.Demo", "samples\BackWave.Demo\BackWave.Demo.csproj", "{3B084659-7011-4E1B-8591-0002D963E7C2}"
EndProject
Project("{FAE04EC0-301F-11D3-BF4B-00C04F79EFBC}") = "BackWave.Pro.Mcp", "src\BackWave.Pro.Mcp\BackWave.Pro.Mcp.csproj", "{1B48F4D8-785B-48F2-8C30-8FFE804CF9E4}"
EndProject
Project("{FAE04EC0-301F-11D3-BF4B-00C04F79EFBC}") = "BackWave.Pro.Mcp.Tests", "tests\BackWave.Pro.Mcp.Tests\BackWave.Pro.Mcp.Tests.csproj", "{3B7C2E41-F152-4646-94B1-18E524298A9E}"
EndProject
Project("{FAE04EC0-301F-11D3-BF4B-00C04F79EFBC}") = "BackWave.SourceGenerators.CodeFixes", "src\BackWave.SourceGenerators.CodeFixes\BackWave.SourceGenerators.CodeFixes.csproj", "{5B621A7B-EC43-4955-9B9C-4A4D41AD5D7C}"
EndProject
Project("{FAE04EC0-301F-11D3-BF4B-00C04F79EFBC}") = "BackWave.OpenTelemetry", "src\BackWave.OpenTelemetry\BackWave.OpenTelemetry.csproj", "{EC0C58F9-4536-460D-8BBF-CAFF5D43E2AF}"
EndProject
Global
	GlobalSection(SolutionConfigurationPlatforms) = preSolution
		Debug|Any CPU = Debug|Any CPU
		Debug|x64 = Debug|x64
		Debug|x86 = Debug|x86
		Release|Any CPU = Release|Any CPU
		Release|x64 = Release|x64
		Release|x86 = Release|x86
	EndGlobalSection
	GlobalSection(ProjectConfigurationPlatforms) = postSolution
		{7D6C2177-4D9A-4830-BD9E-2C13950C82E5}.Debug|Any CPU.ActiveCfg = Debug|Any CPU
		{7D6C2177-4D9A-4830-BD9E-2C13950C82E5}.Debug|Any CPU.Build.0 = Debug|Any CPU
		{7D6C2177-4D9A-4830-BD9E-2C13950C82E5}.Debug|x64.ActiveCfg = Debug|Any CPU
		{7D6C2177-4D9A-4830-BD9E-2C13950C82E5}.Debug|x64.Build.0 = Debug|Any CPU
		{7D6C2177-4D9A-4830-BD9E-2C13950C82E5}.Debug|x86.ActiveCfg = Debug|Any CPU
		{7D6C2177-4D9A-4830-BD9E-2C13950C82E5}.Debug|x86.Build.0 = Debug|Any CPU
		{7D6C2177-4D9A-4830-BD9E-2C13950C82E5}.Release|Any CPU.ActiveCfg = Release|Any CPU
		{7D6C2177-4D9A-4830-BD9E-2C13950C82E5}.Release|Any CPU.Build.0 = Release|Any CPU
		{7D6C2177-4D9A-4830-BD9E-2C13950C82E5}.Release|x64.ActiveCfg = Release|Any CPU
		{7D6C2177-4D9A-4830-BD9E-2C13950C82E5}.Release|x64.Build.0 = Release|Any CPU
		{7D6C2177-4D9A-4830-BD9E-2C13950C82E5}.Release|x86.ActiveCfg = Release|Any CPU
		{7D6C2177-4D9A-4830-BD9E-2C13950C82E5}.Release|x86.Build.0 = Release|Any CPU
		{0BD5EC78-4D35-4C03-87FA-BC4DB041BCDF}.Debug|Any CPU.ActiveCfg = Debug|Any CPU
		{0BD5EC78-4D35-4C03-87FA-BC4DB041BCDF}.Debug|Any CPU.Build.0 = Debug|Any CPU
		{0BD5EC78-4D35-4C03-87FA-BC4DB041BCDF}.Debug|x64.ActiveCfg = Debug|Any CPU
		{0BD5EC78-4D35-4C03-87FA-BC4DB041BCDF}.Debug|x64.Build.0 = Debug|Any CPU
		{0BD5EC78-4D35-4C03-87FA-BC4DB041BCDF}.Debug|x86.ActiveCfg = Debug|Any CPU
		{0BD5EC78-4D35-4C03-87FA-BC4DB041BCDF}.Debug|x86.Build.0 = Debug|Any CPU
		{0BD5EC78-4D35-4C03-87FA-BC4DB041BCDF}.Release|Any CPU.ActiveCfg = Release|Any CPU
		{0BD5EC78-4D35-4C03-87FA-BC4DB041BCDF}.Release|Any CPU.Build.0 = Release|Any CPU
		{0BD5EC78-4D35-4C03-87FA-BC4DB041BCDF}.Release|x64.ActiveCfg = Release|Any CPU
		{0BD5EC78-4D35-4C03-87FA-BC4DB041BCDF}.Release|x64.Build.0 = Release|Any CPU
		{0BD5EC78-4D35-4C03-87FA-BC4DB041BCDF}.Release|x86.ActiveCfg = Release|Any CPU
		{0BD5EC78-4D35-4C03-87FA-BC4DB041BCDF}.Release|x86.Build.0 = Release|Any CPU
		{6BEE0A6E-C18F-4275-B116-B151E8527B48}.Debug|Any CPU.ActiveCfg = Debug|Any CPU
		{6BEE0A6E-C18F-4275-B116-B151E8527B48}.Debug|Any CPU.Build.0 = Debug|Any CPU
		{6BEE0A6E-C18F-4275-B116-B151E8527B48}.Debug|x64.ActiveCfg = Debug|Any CPU
		{6BEE0A6E-C18F-4275-B116-B151E8527B48}.Debug|x64.Build.0 = Debug|Any CPU
		{6BEE0A6E-C18F-4275-B116-B151E8527B48}.Debug|x86.ActiveCfg = Debug|Any CPU
		{6BEE0A6E-C18F-4275-B116-B151E8527B48}.Debug|x86.Build.0 = Debug|Any CPU
		{6BEE0A6E-C18F-4275-B116-B151E8527B48}.Release|Any CPU.ActiveCfg = Release|Any CPU
		{6BEE0A6E-C18F-4275-B116-B151E8527B48}.Release|Any CPU.Build.0 = Release|Any CPU
		{6BEE0A6E-C18F-4275-B116-B151E8527B48}.Release|x64.ActiveCfg = Release|Any CPU
		{6BEE0A6E-C18F-4275-B116-B151E8527B48}.Release|x64.Build.0 = Release|Any CPU
		{6BEE0A6E-C18F-4275-B116-B151E8527B48}.Release|x86.ActiveCfg = Release|Any CPU
		{6BEE0A6E-C18F-4275-B116-B151E8527B48}.Release|x86.Build.0 = Release|Any CPU
		{E57D0663-94D8-4AB9-960E-010E6154A5AA}.Debug|Any CPU.ActiveCfg = Debug|Any CPU
		{E57D0663-94D8-4AB9-960E-010E6154A5AA}.Debug|Any CPU.Build.0 = Debug|Any CPU
		{E57D0663-94D8-4AB9-960E-010E6154A5AA}.Debug|x64.ActiveCfg = Debug|Any CPU
		{E57D0663-94D8-4AB9-960E-010E6154A5AA}.Debug|x64.Build.0 = Debug|Any CPU
		{E57D0663-94D8-4AB9-960E-010E6154A5AA}.Debug|x86.ActiveCfg = Debug|Any CPU
		{E57D0663-94D8-4AB9-960E-010E6154A5AA}.Debug|x86.Build.0 = Debug|Any CPU
		{E57D0663-94D8-4AB9-960E-010E6154A5AA}.Release|Any CPU.ActiveCfg = Release|Any CPU
		{E57D0663-94D8-4AB9-960E-010E6154A5AA}.Release|Any CPU.Build.0 = Release|Any CPU
		{E57D0663-94D8-4AB9-960E-010E6154A5AA}.Release|x64.ActiveCfg = Release|Any CPU
		{E57D0663-94D8-4AB9-960E-010E6154A5AA}.Release|x64.Build.0 = Release|Any CPU
		{E57D0663-94D8-4AB9-960E-010E6154A5AA}.Release|x86.ActiveCfg = Release|Any CPU
		{E57D0663-94D8-4AB9-960E-010E6154A5AA}.Release|x86.Build.0 = Release|Any CPU
		{C4FCA10E-4EDF-42C0-8FB3-3CC5D7E9053E}.Debug|Any CPU.ActiveCfg = Debug|Any CPU
		{C4FCA10E-4EDF-42C0-8FB3-3CC5D7E9053E}.Debug|Any CPU.Build.0 = Debug|Any CPU
		{C4FCA10E-4EDF-42C0-8FB3-3CC5D7E9053E}.Debug|x64.ActiveCfg = Debug|Any CPU
		{C4FCA10E-4EDF-42C0-8FB3-3CC5D7E9053E}.Debug|x64.Build.0 = Debug|Any CPU
		{C4FCA10E-4EDF-42C0-8FB3-3CC5D7E9053E}.Debug|x86.ActiveCfg = Debug|Any CPU
		{C4FCA10E-4EDF-42C0-8FB3-3CC5D7E9053E}.Debug|x86.Build.0 = Debug|Any CPU
		{C4FCA10E-4EDF-42C0-8FB3-3CC5D7E9053E}.Release|Any CPU.ActiveCfg = Release|Any CPU
		{C4FCA10E-4EDF-42C0-8FB3-3CC5D7E9053E}.Release|Any CPU.Build.0 = Release|Any CPU
		{C4FCA10E-4EDF-42C0-8FB3-3CC5D7E9053E}.Release|x64.ActiveCfg = Release|Any CPU
		{C4FCA10E-4EDF-42C0-8FB3-3CC5D7E9053E}.Release|x64.Build.0 = Release|Any CPU
		{C4FCA10E-4EDF-42C0-8FB3-3CC5D7E9053E}.Release|x86.ActiveCfg = Release|Any CPU
		{C4FCA10E-4EDF-42C0-8FB3-3CC5D7E9053E}.Release|x86.Build.0 = Release|Any CPU
		{DF7A9666-0F88-42CA-827A-9501CFCF9524}.Debug|Any CPU.ActiveCfg = Debug|Any CPU
		{DF7A9666-0F88-42CA-827A-9501CFCF9524}.Debug|Any CPU.Build.0 = Debug|Any CPU
		{DF7A9666-0F88-42CA-827A-9501CFCF9524}.Debug|x64.ActiveCfg = Debug|Any CPU
		{DF7A9666-0F88-42CA-827A-9501CFCF9524}.Debug|x64.Build.0 = Debug|Any CPU
		{DF7A9666-0F88-42CA-827A-9501CFCF9524}.Debug|x86.ActiveCfg = Debug|Any CPU
		{DF7A9666-0F88-42CA-827A-9501CFCF9524}.Debug|x86.Build.0 = Debug|Any CPU
		{DF7A9666-0F88-42CA-827A-9501CFCF9524}.Release|Any CPU.ActiveCfg = Release|Any CPU
		{DF7A9666-0F88-42CA-827A-9501CFCF9524}.Release|Any CPU.Build.0 = Release|Any CPU
		{DF7A9666-0F88-42CA-827A-9501CFCF9524}.Release|x64.ActiveCfg = Release|Any CPU
		{DF7A9666-0F88-42CA-827A-9501CFCF9524}.Release|x64.Build.0 = Release|Any CPU
		{DF7A9666-0F88-42CA-827A-9501CFCF9524}.Release|x86.ActiveCfg = Release|Any CPU
		{DF7A9666-0F88-42CA-827A-9501CFCF9524}.Release|x86.Build.0 = Release|Any CPU
		{9B56FD6B-E0AD-42FF-A8D1-1850C75E559C}.Debug|Any CPU.ActiveCfg = Debug|Any CPU
		{9B56FD6B-E0AD-42FF-A8D1-1850C75E559C}.Debug|Any CPU.Build.0 = Debug|Any CPU
		{9B56FD6B-E0AD-42FF-A8D1-1850C75E559C}.Debug|x64.ActiveCfg = Debug|Any CPU
		{9B56FD6B-E0AD-42FF-A8D1-1850C75E559C}.Debug|x64.Build.0 = Debug|Any CPU
		{9B56FD6B-E0AD-42FF-A8D1-1850C75E559C}.Debug|x86.ActiveCfg = Debug|Any CPU
		{9B56FD6B-E0AD-42FF-A8D1-1850C75E559C}.Debug|x86.Build.0 = Debug|Any CPU
		{9B56FD6B-E0AD-42FF-A8D1-1850C75E559C}.Release|Any CPU.ActiveCfg = Release|Any CPU
		{9B56FD6B-E0AD-42FF-A8D1-1850C75E559C}.Release|Any CPU.Build.0 = Release|Any CPU
		{9B56FD6B-E0AD-42FF-A8D1-1850C75E559C}.Release|x64.ActiveCfg = Release|Any CPU
		{9B56FD6B-E0AD-42FF-A8D1-1850C75E559C}.Release|x64.Build.0 = Release|Any CPU
		{9B56FD6B-E0AD-42FF-A8D1-1850C75E559C}.Release|x86.ActiveCfg = Release|Any CPU
		{9B56FD6B-E0AD-42FF-A8D1-1850C75E559C}.Release|x86.Build.0 = Release|Any CPU
		{6C7AD96C-61D1-4097-853B-161973D2AE7D}.Debug|Any CPU.ActiveCfg = Debug|Any CPU
		{6C7AD96C-61D1-4097-853B-161973D2AE7D}.Debug|Any CPU.Build.0 = Debug|Any CPU
		{6C7AD96C-61D1-4097-853B-161973D2AE7D}.Debug|x64.ActiveCfg = Debug|Any CPU
		{6C7AD96C-61D1-4097-853B-161973D2AE7D}.Debug|x64.Build.0 = Debug|Any CPU
		{6C7AD96C-61D1-4097-853B-161973D2AE7D}.Debug|x86.ActiveCfg = Debug|Any CPU
		{6C7AD96C-61D1-4097-853B-161973D2AE7D}.Debug|x86.Build.0 = Debug|Any CPU
		{6C7AD96C-61D1-4097-853B-161973D2AE7D}.Release|Any CPU.ActiveCfg = Release|Any CPU
		{6C7AD96C-61D1-4097-853B-161973D2AE7D}.Release|Any CPU.Build.0 = Release|Any CPU
		{6C7AD96C-61D1-4097-853B-161973D2AE7D}.Release|x64.ActiveCfg = Release|Any CPU
		{6C7AD96C-61D1-4097-853B-161973D2AE7D}.Release|x64.Build.0 = Release|Any CPU
		{6C7AD96C-61D1-4097-853B-161973D2AE7D}.Release|x86.ActiveCfg = Release|Any CPU
		{6C7AD96C-61D1-4097-853B-161973D2AE7D}.Release|x86.Build.0 = Release|Any CPU
		{040B4B6E-37A6-447F-9A9E-560D38A73DB0}.Debug|Any CPU.ActiveCfg = Debug|Any CPU
		{040B4B6E-37A6-447F-9A9E-560D38A73DB0}.Debug|Any CPU.Build.0 = Debug|Any CPU
		{040B4B6E-37A6-447F-9A9E-560D38A73DB0}.Debug|x64.ActiveCfg = Debug|Any CPU
		{040B4B6E-37A6-447F-9A9E-560D38A73DB0}.Debug|x64.Build.0 = Debug|Any CPU
		{040B4B6E-37A6-447F-9A9E-560D38A73DB0}.Debug|x86.ActiveCfg = Debug|Any CPU
		{040B4B6E-37A6-447F-9A9E-560D38A73DB0}.Debug|x86.Build.0 = Debug|Any CPU
		{040B4B6E-37A6-447F-9A9E-560D38A73DB0}.Release|Any CPU.ActiveCfg = Release|Any CPU
		{040B4B6E-37A6-447F-9A9E-560D38A73DB0}.Release|Any CPU.Build.0 = Release|Any CPU
		{040B4B6E-37A6-447F-9A9E-560D38A73DB0}.Release|x64.ActiveCfg = Release|Any CPU
		{040B4B6E-37A6-447F-9A9E-560D38A73DB0}.Release|x64.Build.0 = Release|Any CPU
		{040B4B6E-37A6-447F-9A9E-560D38A73DB0}.Release|x86.ActiveCfg = Release|Any CPU
		{040B4B6E-37A6-447F-9A9E-560D38A73DB0}.Release|x86.Build.0 = Release|Any CPU
		{B909FA2D-2CA5-4197-9A7E-993594D6C0E0}.Debug|Any CPU.ActiveCfg = Debug|Any CPU
		{B909FA2D-2CA5-4197-9A7E-993594D6C0E0}.Debug|Any CPU.Build.0 = Debug|Any CPU
		{B909FA2D-2CA5-4197-9A7E-993594D6C0E0}.Debug|x64.ActiveCfg = Debug|Any CPU
		{B909FA2D-2CA5-4197-9A7E-993594D6C0E0}.Debug|x64.Build.0 = Debug|Any CPU
		{B909FA2D-2CA5-4197-9A7E-993594D6C0E0}.Debug|x86.ActiveCfg = Debug|Any CPU
		{B909FA2D-2CA5-4197-9A7E-993594D6C0E0}.Debug|x86.Build.0 = Debug|Any CPU
		{B909FA2D-2CA5-4197-9A7E-993594D6C0E0}.Release|Any CPU.ActiveCfg = Release|Any CPU
		{B909FA2D-2CA5-4197-9A7E-993594D6C0E0}.Release|Any CPU.Build.0 = Release|Any CPU
		{B909FA2D-2CA5-4197-9A7E-993594D6C0E0}.Release|x64.ActiveCfg = Release|Any CPU
		{B909FA2D-2CA5-4197-9A7E-993594D6C0E0}.Release|x64.Build.0 = Release|Any CPU
		{B909FA2D-2CA5-4197-9A7E-993594D6C0E0}.Release|x86.ActiveCfg = Release|Any CPU
		{B909FA2D-2CA5-4197-9A7E-993594D6C0E0}.Release|x86.Build.0 = Release|Any CPU
		{B560F439-8F4F-4871-83C3-9B30121CC6E5}.Debug|Any CPU.ActiveCfg = Debug|Any CPU
		{B560F439-8F4F-4871-83C3-9B30121CC6E5}.Debug|Any CPU.Build.0 = Debug|Any CPU
		{B560F439-8F4F-4871-83C3-9B30121CC6E5}.Debug|x64.ActiveCfg = Debug|Any CPU
		{B560F439-8F4F-4871-83C3-9B30121CC6E5}.Debug|x64.Build.0 = Debug|Any CPU
		{B560F439-8F4F-4871-83C3-9B30121CC6E5}.Debug|x86.ActiveCfg = Debug|Any CPU
		{B560F439-8F4F-4871-83C3-9B30121CC6E5}.Debug|x86.Build.0 = Debug|Any CPU
		{B560F439-8F4F-4871-83C3-9B30121CC6E5}.Release|Any CPU.ActiveCfg = Release|Any CPU
		{B560F439-8F4F-4871-83C3-9B30121CC6E5}.Release|Any CPU.Build.0 = Release|Any CPU
		{B560F439-8F4F-4871-83C3-9B30121CC6E5}.Release|x64.ActiveCfg = Release|Any CPU
		{B560F439-8F4F-4871-83C3-9B30121CC6E5}.Release|x64.Build.0 = Release|Any CPU
		{B560F439-8F4F-4871-83C3-9B30121CC6E5}.Release|x86.ActiveCfg = Release|Any CPU
		{B560F439-8F4F-4871-83C3-9B30121CC6E5}.Release|x86.Build.0 = Release|Any CPU
		{A3F45CFB-6147-441A-9B6D-CEB952FBEC45}.Debug|Any CPU.ActiveCfg = Debug|Any CPU
		{A3F45CFB-6147-441A-9B6D-CEB952FBEC45}.Debug|Any CPU.Build.0 = Debug|Any CPU
		{A3F45CFB-6147-441A-9B6D-CEB952FBEC45}.Debug|x64.ActiveCfg = Debug|Any CPU
		{A3F45CFB-6147-441A-9B6D-CEB952FBEC45}.Debug|x64.Build.0 = Debug|Any CPU
		{A3F45CFB-6147-441A-9B6D-CEB952FBEC45}.Debug|x86.ActiveCfg = Debug|Any CPU
		{A3F45CFB-6147-441A-9B6D-CEB952FBEC45}.Debug|x86.Build.0 = Debug|Any CPU
		{A3F45CFB-6147-441A-9B6D-CEB952FBEC45}.Release|Any CPU.ActiveCfg = Release|Any CPU
		{A3F45CFB-6147-441A-9B6D-CEB952FBEC45}.Release|Any CPU.Build.0 = Release|Any CPU
		{A3F45CFB-6147-441A-9B6D-CEB952FBEC45}.Release|x64.ActiveCfg = Release|Any CPU
		{A3F45CFB-6147-441A-9B6D-CEB952FBEC45}.Release|x64.Build.0 = Release|Any CPU
		{A3F45CFB-6147-441A-9B6D-CEB952FBEC45}.Release|x86.ActiveCfg = Release|Any CPU
		{A3F45CFB-6147-441A-9B6D-CEB952FBEC45}.Release|x86.Build.0 = Release|Any CPU
		{C645998C-74C4-4E33-B3FD-450FA33DE496}.Debug|Any CPU.ActiveCfg = Debug|Any CPU
		{C645998C-74C4-4E33-B3FD-450FA33DE496}.Debug|Any CPU.Build.0 = Debug|Any CPU
		{C645998C-74C4-4E33-B3FD-450FA33DE496}.Debug|x64.ActiveCfg = Debug|Any CPU
		{C645998C-74C4-4E33-B3FD-450FA33DE496}.Debug|x64.Build.0 = Debug|Any CPU
		{C645998C-74C4-4E33-B3FD-450FA33DE496}.Debug|x86.ActiveCfg = Debug|Any CPU
		{C645998C-74C4-4E33-B3FD-450FA33DE496}.Debug|x86.Build.0 = Debug|Any CPU
		{C645998C-74C4-4E33-B3FD-450FA33DE496}.Release|Any CPU.ActiveCfg = Release|Any CPU
		{C645998C-74C4-4E33-B3FD-450FA33DE496}.Release|Any CPU.Build.0 = Release|Any CPU
		{C645998C-74C4-4E33-B3FD-450FA33DE496}.Release|x64.ActiveCfg = Release|Any CPU
		{C645998C-74C4-4E33-B3FD-450FA33DE496}.Release|x64.Build.0 = Release|Any CPU
		{C645998C-74C4-4E33-B3FD-450FA33DE496}.Release|x86.ActiveCfg = Release|Any CPU
		{C645998C-74C4-4E33-B3FD-450FA33DE496}.Release|x86.Build.0 = Release|Any CPU
		{45C62B1D-8185-42FB-954A-170D382F667E}.Debug|Any CPU.ActiveCfg = Debug|Any CPU
		{45C62B1D-8185-42FB-954A-170D382F667E}.Debug|Any CPU.Build.0 = Debug|Any CPU
		{45C62B1D-8185-42FB-954A-170D382F667E}.Debug|x64.ActiveCfg = Debug|Any CPU
		{45C62B1D-8185-42FB-954A-170D382F667E}.Debug|x64.Build.0 = Debug|Any CPU
		{45C62B1D-8185-42FB-954A-170D382F667E}.Debug|x86.ActiveCfg = Debug|Any CPU
		{45C62B1D-8185-42FB-954A-170D382F667E}.Debug|x86.Build.0 = Debug|Any CPU
		{45C62B1D-8185-42FB-954A-170D382F667E}.Release|Any CPU.ActiveCfg = Release|Any CPU
		{45C62B1D-8185-42FB-954A-170D382F667E}.Release|Any CPU.Build.0 = Release|Any CPU
		{45C62B1D-8185-42FB-954A-170D382F667E}.Release|x64.ActiveCfg = Release|Any CPU
		{45C62B1D-8185-42FB-954A-170D382F667E}.Release|x64.Build.0 = Release|Any CPU
		{45C62B1D-8185-42FB-954A-170D382F667E}.Release|x86.ActiveCfg = Release|Any CPU
		{45C62B1D-8185-42FB-954A-170D382F667E}.Release|x86.Build.0 = Release|Any CPU
		{4D05F1EA-3154-434D-A0AB-D31CB424540C}.Debug|Any CPU.ActiveCfg = Debug|Any CPU
		{4D05F1EA-3154-434D-A0AB-D31CB424540C}.Debug|Any CPU.Build.0 = Debug|Any CPU
		{4D05F1EA-3154-434D-A0AB-D31CB424540C}.Debug|x64.ActiveCfg = Debug|Any CPU
		{4D05F1EA-3154-434D-A0AB-D31CB424540C}.Debug|x64.Build.0 = Debug|Any CPU
		{4D05F1EA-3154-434D-A0AB-D31CB424540C}.Debug|x86.ActiveCfg = Debug|Any CPU
		{4D05F1EA-3154-434D-A0AB-D31CB424540C}.Debug|x86.Build.0 = Debug|Any CPU
		{4D05F1EA-3154-434D-A0AB-D31CB424540C}.Release|Any CPU.ActiveCfg = Release|Any CPU
		{4D05F1EA-3154-434D-A0AB-D31CB424540C}.Release|Any CPU.Build.0 = Release|Any CPU
		{4D05F1EA-3154-434D-A0AB-D31CB424540C}.Release|x64.ActiveCfg = Release|Any CPU
		{4D05F1EA-3154-434D-A0AB-D31CB424540C}.Release|x64.Build.0 = Release|Any CPU
		{4D05F1EA-3154-434D-A0AB-D31CB424540C}.Release|x86.ActiveCfg = Release|Any CPU
		{4D05F1EA-3154-434D-A0AB-D31CB424540C}.Release|x86.Build.0 = Release|Any CPU
		{9CB6AF93-36EE-489E-84CB-FC0CF6A12DC1}.Debug|Any CPU.ActiveCfg = Debug|Any CPU
		{9CB6AF93-36EE-489E-84CB-FC0CF6A12DC1}.Debug|Any CPU.Build.0 = Debug|Any CPU
		{9CB6AF93-36EE-489E-84CB-FC0CF6A12DC1}.Debug|x64.ActiveCfg = Debug|Any CPU
		{9CB6AF93-36EE-489E-84CB-FC0CF6A12DC1}.Debug|x64.Build.0 = Debug|Any CPU
		{9CB6AF93-36EE-489E-84CB-FC0CF6A12DC1}.Debug|x86.ActiveCfg = Debug|Any CPU
		{9CB6AF93-36EE-489E-84CB-FC0CF6A12DC1}.Debug|x86.Build.0 = Debug|Any CPU
		{9CB6AF93-36EE-489E-84CB-FC0CF6A12DC1}.Release|Any CPU.ActiveCfg = Release|Any CPU
		{9CB6AF93-36EE-489E-84CB-FC0CF6A12DC1}.Release|Any CPU.Build.0 = Release|Any CPU
		{9CB6AF93-36EE-489E-84CB-FC0CF6A12DC1}.Release|x64.ActiveCfg = Release|Any CPU
		{9CB6AF93-36EE-489E-84CB-FC0CF6A12DC1}.Release|x64.Build.0 = Release|Any CPU
		{9CB6AF93-36EE-489E-84CB-FC0CF6A12DC1}.Release|x86.ActiveCfg = Release|Any CPU
		{9CB6AF93-36EE-489E-84CB-FC0CF6A12DC1}.Release|x86.Build.0 = Release|Any CPU
		{3CA49765-16D7-4431-9473-2B94F5A21FB5}.Debug|Any CPU.ActiveCfg = Debug|Any CPU
		{3CA49765-16D7-4431-9473-2B94F5A21FB5}.Debug|Any CPU.Build.0 = Debug|Any CPU
		{3CA49765-16D7-4431-9473-2B94F5A21FB5}.Debug|x64.ActiveCfg = Debug|Any CPU
		{3CA49765-16D7-4431-9473-2B94F5A21FB5}.Debug|x64.Build.0 = Debug|Any CPU
		{3CA49765-16D7-4431-9473-2B94F5A21FB5}.Debug|x86.ActiveCfg = Debug|Any CPU
		{3CA49765-16D7-4431-9473-2B94F5A21FB5}.Debug|x86.Build.0 = Debug|Any CPU
		{3CA49765-16D7-4431-9473-2B94F5A21FB5}.Release|Any CPU.ActiveCfg = Release|Any CPU
		{3CA49765-16D7-4431-9473-2B94F5A21FB5}.Release|Any CPU.Build.0 = Release|Any CPU
		{3CA49765-16D7-4431-9473-2B94F5A21FB5}.Release|x64.ActiveCfg = Release|Any CPU
		{3CA49765-16D7-4431-9473-2B94F5A21FB5}.Release|x64.Build.0 = Release|Any CPU
		{3CA49765-16D7-4431-9473-2B94F5A21FB5}.Release|x86.ActiveCfg = Release|Any CPU
		{3CA49765-16D7-4431-9473-2B94F5A21FB5}.Release|x86.Build.0 = Release|Any CPU
		{EED7D390-D2BA-4E7C-A30A-34A0D628A284}.Debug|Any CPU.ActiveCfg = Debug|Any CPU
		{EED7D390-D2BA-4E7C-A30A-34A0D628A284}.Debug|Any CPU.Build.0 = Debug|Any CPU
		{EED7D390-D2BA-4E7C-A30A-34A0D628A284}.Debug|x64.ActiveCfg = Debug|Any CPU
		{EED7D390-D2BA-4E7C-A30A-34A0D628A284}.Debug|x64.Build.0 = Debug|Any CPU
		{EED7D390-D2BA-4E7C-A30A-34A0D628A284}.Debug|x86.ActiveCfg = Debug|Any CPU
		{EED7D390-D2BA-4E7C-A30A-34A0D628A284}.Debug|x86.Build.0 = Debug|Any CPU
		{EED7D390-D2BA-4E7C-A30A-34A0D628A284}.Release|Any CPU.ActiveCfg = Release|Any CPU
		{EED7D390-D2BA-4E7C-A30A-34A0D628A284}.Release|Any CPU.Build.0 = Release|Any CPU
		{EED7D390-D2BA-4E7C-A30A-34A0D628A284}.Release|x64.ActiveCfg = Release|Any CPU
		{EED7D390-D2BA-4E7C-A30A-34A0D628A284}.Release|x64.Build.0 = Release|Any CPU
		{EED7D390-D2BA-4E7C-A30A-34A0D628A284}.Release|x86.ActiveCfg = Release|Any CPU
		{EED7D390-D2BA-4E7C-A30A-34A0D628A284}.Release|x86.Build.0 = Release|Any CPU
		{49F93DA5-15BF-4073-9D7E-9741BDC8FD1F}.Debug|Any CPU.ActiveCfg = Debug|Any CPU
		{49F93DA5-15BF-4073-9D7E-9741BDC8FD1F}.Debug|Any CPU.Build.0 = Debug|Any CPU
		{49F93DA5-15BF-4073-9D7E-9741BDC8FD1F}.Debug|x64.ActiveCfg = Debug|Any CPU
		{49F93DA5-15BF-4073-9D7E-9741BDC8FD1F}.Debug|x64.Build.0 = Debug|Any CPU
		{49F93DA5-15BF-4073-9D7E-9741BDC8FD1F}.Debug|x86.ActiveCfg = Debug|Any CPU
		{49F93DA5-15BF-4073-9D7E-9741BDC8FD1F}.Debug|x86.Build.0 = Debug|Any CPU
		{49F93DA5-15BF-4073-9D7E-9741BDC8FD1F}.Release|Any CPU.ActiveCfg = Release|Any CPU
		{49F93DA5-15BF-4073-9D7E-9741BDC8FD1F}.Release|Any CPU.Build.0 = Release|Any CPU
		{49F93DA5-15BF-4073-9D7E-9741BDC8FD1F}.Release|x64.ActiveCfg = Release|Any CPU
		{49F93DA5-15BF-4073-9D7E-9741BDC8FD1F}.Release|x64.Build.0 = Release|Any CPU
		{49F93DA5-15BF-4073-9D7E-9741BDC8FD1F}.Release|x86.ActiveCfg = Release|Any CPU
		{49F93DA5-15BF-4073-9D7E-9741BDC8FD1F}.Release|x86.Build.0 = Release|Any CPU
		{8BBFBFA8-00B7-4354-AE2E-6CC6BA7A747E}.Debug|Any CPU.ActiveCfg = Debug|Any CPU
		{8BBFBFA8-00B7-4354-AE2E-6CC6BA7A747E}.Debug|Any CPU.Build.0 = Debug|Any CPU
		{8BBFBFA8-00B7-4354-AE2E-6CC6BA7A747E}.Debug|x64.ActiveCfg = Debug|Any CPU
		{8BBFBFA8-00B7-4354-AE2E-6CC6BA7A747E}.Debug|x64.Build.0 = Debug|Any CPU
		{8BBFBFA8-00B7-4354-AE2E-6CC6BA7A747E}.Debug|x86.ActiveCfg = Debug|Any CPU
		{8BBFBFA8-00B7-4354-AE2E-6CC6BA7A747E}.Debug|x86.Build.0 = Debug|Any CPU
		{8BBFBFA8-00B7-4354-AE2E-6CC6BA7A747E}.Release|Any CPU.ActiveCfg = Release|Any CPU
		{8BBFBFA8-00B7-4354-AE2E-6CC6BA7A747E}.Release|Any CPU.Build.0 = Release|Any CPU
		{8BBFBFA8-00B7-4354-AE2E-6CC6BA7A747E}.Release|x64.ActiveCfg = Release|Any CPU
		{8BBFBFA8-00B7-4354-AE2E-6CC6BA7A747E}.Release|x64.Build.0 = Release|Any CPU
		{8BBFBFA8-00B7-4354-AE2E-6CC6BA7A747E}.Release|x86.ActiveCfg = Release|Any CPU
		{8BBFBFA8-00B7-4354-AE2E-6CC6BA7A747E}.Release|x86.Build.0 = Release|Any CPU
		{93E7E2C4-8760-41A1-AB0C-8C84B688498A}.Debug|Any CPU.ActiveCfg = Debug|Any CPU
		{93E7E2C4-8760-41A1-AB0C-8C84B688498A}.Debug|Any CPU.Build.0 = Debug|Any CPU
		{93E7E2C4-8760-41A1-AB0C-8C84B688498A}.Debug|x64.ActiveCfg = Debug|Any CPU
		{93E7E2C4-8760-41A1-AB0C-8C84B688498A}.Debug|x64.Build.0 = Debug|Any CPU
		{93E7E2C4-8760-41A1-AB0C-8C84B688498A}.Debug|x86.ActiveCfg = Debug|Any CPU
		{93E7E2C4-8760-41A1-AB0C-8C84B688498A}.Debug|x86.Build.0 = Debug|Any CPU
		{93E7E2C4-8760-41A1-AB0C-8C84B688498A}.Release|Any CPU.ActiveCfg = Release|Any CPU
		{93E7E2C4-8760-41A1-AB0C-8C84B688498A}.Release|Any CPU.Build.0 = Release|Any CPU
		{93E7E2C4-8760-41A1-AB0C-8C84B688498A}.Release|x64.ActiveCfg = Release|Any CPU
		{93E7E2C4-8760-41A1-AB0C-8C84B688498A}.Release|x64.Build.0 = Release|Any CPU
		{93E7E2C4-8760-41A1-AB0C-8C84B688498A}.Release|x86.ActiveCfg = Release|Any CPU
		{93E7E2C4-8760-41A1-AB0C-8C84B688498A}.Release|x86.Build.0 = Release|Any CPU
		{2BDBE3E1-A665-4FA8-844B-D262C1AA9CFB}.Debug|Any CPU.ActiveCfg = Debug|Any CPU
		{2BDBE3E1-A665-4FA8-844B-D262C1AA9CFB}.Debug|Any CPU.Build.0 = Debug|Any CPU
		{2BDBE3E1-A665-4FA8-844B-D262C1AA9CFB}.Debug|x64.ActiveCfg = Debug|Any CPU
		{2BDBE3E1-A665-4FA8-844B-D262C1AA9CFB}.Debug|x64.Build.0 = Debug|Any CPU
		{2BDBE3E1-A665-4FA8-844B-D262C1AA9CFB}.Debug|x86.ActiveCfg = Debug|Any CPU
		{2BDBE3E1-A665-4FA8-844B-D262C1AA9CFB}.Debug|x86.Build.0 = Debug|Any CPU
		{2BDBE3E1-A665-4FA8-844B-D262C1AA9CFB}.Release|Any CPU.ActiveCfg = Release|Any CPU
		{2BDBE3E1-A665-4FA8-844B-D262C1AA9CFB}.Release|Any CPU.Build.0 = Release|Any CPU
		{2BDBE3E1-A665-4FA8-844B-D262C1AA9CFB}.Release|x64.ActiveCfg = Release|Any CPU
		{2BDBE3E1-A665-4FA8-844B-D262C1AA9CFB}.Release|x64.Build.0 = Release|Any CPU
		{2BDBE3E1-A665-4FA8-844B-D262C1AA9CFB}.Release|x86.ActiveCfg = Release|Any CPU
		{2BDBE3E1-A665-4FA8-844B-D262C1AA9CFB}.Release|x86.Build.0 = Release|Any CPU
		{D0DAE3A3-F8C8-427F-A29C-EA6075067702}.Debug|Any CPU.ActiveCfg = Debug|Any CPU
		{D0DAE3A3-F8C8-427F-A29C-EA6075067702}.Debug|Any CPU.Build.0 = Debug|Any CPU
		{D0DAE3A3-F8C8-427F-A29C-EA6075067702}.Debug|x64.ActiveCfg = Debug|Any CPU
		{D0DAE3A3-F8C8-427F-A29C-EA6075067702}.Debug|x64.Build.0 = Debug|Any CPU
		{D0DAE3A3-F8C8-427F-A29C-EA6075067702}.Debug|x86.ActiveCfg = Debug|Any CPU
		{D0DAE3A3-F8C8-427F-A29C-EA6075067702}.Debug|x86.Build.0 = Debug|Any CPU
		{D0DAE3A3-F8C8-427F-A29C-EA6075067702}.Release|Any CPU.ActiveCfg = Release|Any CPU
		{D0DAE3A3-F8C8-427F-A29C-EA6075067702}.Release|Any CPU.Build.0 = Release|Any CPU
		{D0DAE3A3-F8C8-427F-A29C-EA6075067702}.Release|x64.ActiveCfg = Release|Any CPU
		{D0DAE3A3-F8C8-427F-A29C-EA6075067702}.Release|x64.Build.0 = Release|Any CPU
		{D0DAE3A3-F8C8-427F-A29C-EA6075067702}.Release|x86.ActiveCfg = Release|Any CPU
		{D0DAE3A3-F8C8-427F-A29C-EA6075067702}.Release|x86.Build.0 = Release|Any CPU
		{A4637D5E-2369-402D-97D0-C248EEBB6E68}.Debug|Any CPU.ActiveCfg = Debug|Any CPU
		{A4637D5E-2369-402D-97D0-C248EEBB6E68}.Debug|Any CPU.Build.0 = Debug|Any CPU
		{A4637D5E-2369-402D-97D0-C248EEBB6E68}.Debug|x64.ActiveCfg = Debug|Any CPU
		{A4637D5E-2369-402D-97D0-C248EEBB6E68}.Debug|x64.Build.0 = Debug|Any CPU
		{A4637D5E-2369-402D-97D0-C248EEBB6E68}.Debug|x86.ActiveCfg = Debug|Any CPU
		{A4637D5E-2369-402D-97D0-C248EEBB6E68}.Debug|x86.Build.0 = Debug|Any CPU
		{A4637D5E-2369-402D-97D0-C248EEBB6E68}.Release|Any CPU.ActiveCfg = Release|Any CPU
		{A4637D5E-2369-402D-97D0-C248EEBB6E68}.Release|Any CPU.Build.0 = Release|Any CPU
		{A4637D5E-2369-402D-97D0-C248EEBB6E68}.Release|x64.ActiveCfg = Release|Any CPU
		{A4637D5E-2369-402D-97D0-C248EEBB6E68}.Release|x64.Build.0 = Release|Any CPU
		{A4637D5E-2369-402D-97D0-C248EEBB6E68}.Release|x86.ActiveCfg = Release|Any CPU
		{A4637D5E-2369-402D-97D0-C248EEBB6E68}.Release|x86.Build.0 = Release|Any CPU
		{3830B52A-D87B-4216-AFA6-95EA872A4F6D}.Debug|Any CPU.ActiveCfg = Debug|Any CPU
		{3830B52A-D87B-4216-AFA6-95EA872A4F6D}.Debug|Any CPU.Build.0 = Debug|Any CPU
		{3830B52A-D87B-4216-AFA6-95EA872A4F6D}.Debug|x64.ActiveCfg = Debug|Any CPU
		{3830B52A-D87B-4216-AFA6-95EA872A4F6D}.Debug|x64.Build.0 = Debug|Any CPU
		{3830B52A-D87B-4216-AFA6-95EA872A4F6D}.Debug|x86.ActiveCfg = Debug|Any CPU
		{3830B52A-D87B-4216-AFA6-95EA872A4F6D}.Debug|x86.Build.0 = Debug|Any CPU
		{3830B52A-D87B-4216-AFA6-95EA872A4F6D}.Release|Any CPU.ActiveCfg = Release|Any CPU
		{3830B52A-D87B-4216-AFA6-95EA872A4F6D}.Release|Any CPU.Build.0 = Release|Any CPU
		{3830B52A-D87B-4216-AFA6-95EA872A4F6D}.Release|x64.ActiveCfg = Release|Any CPU
		{3830B52A-D87B-4216-AFA6-95EA872A4F6D}.Release|x64.Build.0 = Release|Any CPU
		{3830B52A-D87B-4216-AFA6-95EA872A4F6D}.Release|x86.ActiveCfg = Release|Any CPU
		{3830B52A-D87B-4216-AFA6-95EA872A4F6D}.Release|x86.Build.0 = Release|Any CPU
		{A3293F77-0EA7-4FD6-BFE5-7DDC865757CC}.Debug|Any CPU.ActiveCfg = Debug|Any CPU
		{A3293F77-0EA7-4FD6-BFE5-7DDC865757CC}.Debug|Any CPU.Build.0 = Debug|Any CPU
		{A3293F77-0EA7-4FD6-BFE5-7DDC865757CC}.Debug|x64.ActiveCfg = Debug|Any CPU
		{A3293F77-0EA7-4FD6-BFE5-7DDC865757CC}.Debug|x64.Build.0 = Debug|Any CPU
		{A3293F77-0EA7-4FD6-BFE5-7DDC865757CC}.Debug|x86.ActiveCfg = Debug|Any CPU
		{A3293F77-0EA7-4FD6-BFE5-7DDC865757CC}.Debug|x86.Build.0 = Debug|Any CPU
		{A3293F77-0EA7-4FD6-BFE5-7DDC865757CC}.Release|Any CPU.ActiveCfg = Release|Any CPU
		{A3293F77-0EA7-4FD6-BFE5-7DDC865757CC}.Release|Any CPU.Build.0 = Release|Any CPU
		{A3293F77-0EA7-4FD6-BFE5-7DDC865757CC}.Release|x64.ActiveCfg = Release|Any CPU
		{A3293F77-0EA7-4FD6-BFE5-7DDC865757CC}.Release|x64.Build.0 = Release|Any CPU
		{A3293F77-0EA7-4FD6-BFE5-7DDC865757CC}.Release|x86.ActiveCfg = Release|Any CPU
		{A3293F77-0EA7-4FD6-BFE5-7DDC865757CC}.Release|x86.Build.0 = Release|Any CPU
		{19B7BA9C-0F93-442F-A798-012574FD0AA6}.Debug|Any CPU.ActiveCfg = Debug|Any CPU
		{19B7BA9C-0F93-442F-A798-012574FD0AA6}.Debug|Any CPU.Build.0 = Debug|Any CPU
		{19B7BA9C-0F93-442F-A798-012574FD0AA6}.Debug|x64.ActiveCfg = Debug|Any CPU
		{19B7BA9C-0F93-442F-A798-012574FD0AA6}.Debug|x64.Build.0 = Debug|Any CPU
		{19B7BA9C-0F93-442F-A798-012574FD0AA6}.Debug|x86.ActiveCfg = Debug|Any CPU
		{19B7BA9C-0F93-442F-A798-012574FD0AA6}.Debug|x86.Build.0 = Debug|Any CPU
		{19B7BA9C-0F93-442F-A798-012574FD0AA6}.Release|Any CPU.ActiveCfg = Release|Any CPU
		{19B7BA9C-0F93-442F-A798-012574FD0AA6}.Release|Any CPU.Build.0 = Release|Any CPU
		{19B7BA9C-0F93-442F-A798-012574FD0AA6}.Release|x64.ActiveCfg = Release|Any CPU
		{19B7BA9C-0F93-442F-A798-012574FD0AA6}.Release|x64.Build.0 = Release|Any CPU
		{19B7BA9C-0F93-442F-A798-012574FD0AA6}.Release|x86.ActiveCfg = Release|Any CPU
		{19B7BA9C-0F93-442F-A798-012574FD0AA6}.Release|x86.Build.0 = Release|Any CPU
		{78A906BB-C699-41D9-84EC-72C4A86C51CA}.Debug|Any CPU.ActiveCfg = Debug|Any CPU
		{78A906BB-C699-41D9-84EC-72C4A86C51CA}.Debug|Any CPU.Build.0 = Debug|Any CPU
		{78A906BB-C699-41D9-84EC-72C4A86C51CA}.Debug|x64.ActiveCfg = Debug|Any CPU
		{78A906BB-C699-41D9-84EC-72C4A86C51CA}.Debug|x64.Build.0 = Debug|Any CPU
		{78A906BB-C699-41D9-84EC-72C4A86C51CA}.Debug|x86.ActiveCfg = Debug|Any CPU
		{78A906BB-C699-41D9-84EC-72C4A86C51CA}.Debug|x86.Build.0 = Debug|Any CPU
		{78A906BB-C699-41D9-84EC-72C4A86C51CA}.Release|Any CPU.ActiveCfg = Release|Any CPU
		{78A906BB-C699-41D9-84EC-72C4A86C51CA}.Release|Any CPU.Build.0 = Release|Any CPU
		{78A906BB-C699-41D9-84EC-72C4A86C51CA}.Release|x64.ActiveCfg = Release|Any CPU
		{78A906BB-C699-41D9-84EC-72C4A86C51CA}.Release|x64.Build.0 = Release|Any CPU
		{78A906BB-C699-41D9-84EC-72C4A86C51CA}.Release|x86.ActiveCfg = Release|Any CPU
		{78A906BB-C699-41D9-84EC-72C4A86C51CA}.Release|x86.Build.0 = Release|Any CPU
		{DB932527-C17F-4F34-BB2C-DF0920BD0E89}.Debug|Any CPU.ActiveCfg = Debug|Any CPU
		{DB932527-C17F-4F34-BB2C-DF0920BD0E89}.Debug|Any CPU.Build.0 = Debug|Any CPU
		{DB932527-C17F-4F34-BB2C-DF0920BD0E89}.Debug|x64.ActiveCfg = Debug|Any CPU
		{DB932527-C17F-4F34-BB2C-DF0920BD0E89}.Debug|x64.Build.0 = Debug|Any CPU
		{DB932527-C17F-4F34-BB2C-DF0920BD0E89}.Debug|x86.ActiveCfg = Debug|Any CPU
		{DB932527-C17F-4F34-BB2C-DF0920BD0E89}.Debug|x86.Build.0 = Debug|Any CPU
		{DB932527-C17F-4F34-BB2C-DF0920BD0E89}.Release|Any CPU.ActiveCfg = Release|Any CPU
		{DB932527-C17F-4F34-BB2C-DF0920BD0E89}.Release|Any CPU.Build.0 = Release|Any CPU
		{DB932527-C17F-4F34-BB2C-DF0920BD0E89}.Release|x64.ActiveCfg = Release|Any CPU
		{DB932527-C17F-4F34-BB2C-DF0920BD0E89}.Release|x64.Build.0 = Release|Any CPU
		{DB932527-C17F-4F34-BB2C-DF0920BD0E89}.Release|x86.ActiveCfg = Release|Any CPU
		{DB932527-C17F-4F34-BB2C-DF0920BD0E89}.Release|x86.Build.0 = Release|Any CPU
		{2CED088F-EF97-4A01-804E-EA313A509409}.Debug|Any CPU.ActiveCfg = Debug|Any CPU
		{2CED088F-EF97-4A01-804E-EA313A509409}.Debug|Any CPU.Build.0 = Debug|Any CPU
		{2CED088F-EF97-4A01-804E-EA313A509409}.Debug|x64.ActiveCfg = Debug|Any CPU
		{2CED088F-EF97-4A01-804E-EA313A509409}.Debug|x64.Build.0 = Debug|Any CPU
		{2CED088F-EF97-4A01-804E-EA313A509409}.Debug|x86.ActiveCfg = Debug|Any CPU
		{2CED088F-EF97-4A01-804E-EA313A509409}.Debug|x86.Build.0 = Debug|Any CPU
		{2CED088F-EF97-4A01-804E-EA313A509409}.Release|Any CPU.ActiveCfg = Release|Any CPU
		{2CED088F-EF97-4A01-804E-EA313A509409}.Release|Any CPU.Build.0 = Release|Any CPU
		{2CED088F-EF97-4A01-804E-EA313A509409}.Release|x64.ActiveCfg = Release|Any CPU
		{2CED088F-EF97-4A01-804E-EA313A509409}.Release|x64.Build.0 = Release|Any CPU
		{2CED088F-EF97-4A01-804E-EA313A509409}.Release|x86.ActiveCfg = Release|Any CPU
		{2CED088F-EF97-4A01-804E-EA313A509409}.Release|x86.Build.0 = Release|Any CPU
		{11242C81-873E-44AC-A938-093E4A670A48}.Debug|Any CPU.ActiveCfg = Debug|Any CPU
		{11242C81-873E-44AC-A938-093E4A670A48}.Debug|Any CPU.Build.0 = Debug|Any CPU
		{11242C81-873E-44AC-A938-093E4A670A48}.Debug|x64.ActiveCfg = Debug|Any CPU
		{11242C81-873E-44AC-A938-093E4A670A48}.Debug|x64.Build.0 = Debug|Any CPU
		{11242C81-873E-44AC-A938-093E4A670A48}.Debug|x86.ActiveCfg = Debug|Any CPU
		{11242C81-873E-44AC-A938-093E4A670A48}.Debug|x86.Build.0 = Debug|Any CPU
		{11242C81-873E-44AC-A938-093E4A670A48}.Release|Any CPU.ActiveCfg = Release|Any CPU
		{11242C81-873E-44AC-A938-093E4A670A48}.Release|Any CPU.Build.0 = Release|Any CPU
		{11242C81-873E-44AC-A938-093E4A670A48}.Release|x64.ActiveCfg = Release|Any CPU
		{11242C81-873E-44AC-A938-093E4A670A48}.Release|x64.Build.0 = Release|Any CPU
		{11242C81-873E-44AC-A938-093E4A670A48}.Release|x86.ActiveCfg = Release|Any CPU
		{11242C81-873E-44AC-A938-093E4A670A48}.Release|x86.Build.0 = Release|Any CPU
		{3B084659-7011-4E1B-8591-0002D963E7C2}.Debug|Any CPU.ActiveCfg = Debug|Any CPU
		{3B084659-7011-4E1B-8591-0002D963E7C2}.Debug|Any CPU.Build.0 = Debug|Any CPU
		{3B084659-7011-4E1B-8591-0002D963E7C2}.Debug|x64.ActiveCfg = Debug|Any CPU
		{3B084659-7011-4E1B-8591-0002D963E7C2}.Debug|x64.Build.0 = Debug|Any CPU
		{3B084659-7011-4E1B-8591-0002D963E7C2}.Debug|x86.ActiveCfg = Debug|Any CPU
		{3B084659-7011-4E1B-8591-0002D963E7C2}.Debug|x86.Build.0 = Debug|Any CPU
		{3B084659-7011-4E1B-8591-0002D963E7C2}.Release|Any CPU.ActiveCfg = Release|Any CPU
		{3B084659-7011-4E1B-8591-0002D963E7C2}.Release|Any CPU.Build.0 = Release|Any CPU
		{3B084659-7011-4E1B-8591-0002D963E7C2}.Release|x64.ActiveCfg = Release|Any CPU
		{3B084659-7011-4E1B-8591-0002D963E7C2}.Release|x64.Build.0 = Release|Any CPU
		{3B084659-7011-4E1B-8591-0002D963E7C2}.Release|x86.ActiveCfg = Release|Any CPU
		{3B084659-7011-4E1B-8591-0002D963E7C2}.Release|x86.Build.0 = Release|Any CPU
		{1B48F4D8-785B-48F2-8C30-8FFE804CF9E4}.Debug|Any CPU.ActiveCfg = Debug|Any CPU
		{1B48F4D8-785B-48F2-8C30-8FFE804CF9E4}.Debug|Any CPU.Build.0 = Debug|Any CPU
		{1B48F4D8-785B-48F2-8C30-8FFE804CF9E4}.Debug|x64.ActiveCfg = Debug|Any CPU
		{1B48F4D8-785B-48F2-8C30-8FFE804CF9E4}.Debug|x64.Build.0 = Debug|Any CPU
		{1B48F4D8-785B-48F2-8C30-8FFE804CF9E4}.Debug|x86.ActiveCfg = Debug|Any CPU
		{1B48F4D8-785B-48F2-8C30-8FFE804CF9E4}.Debug|x86.Build.0 = Debug|Any CPU
		{1B48F4D8-785B-48F2-8C30-8FFE804CF9E4}.Release|Any CPU.ActiveCfg = Release|Any CPU
		{1B48F4D8-785B-48F2-8C30-8FFE804CF9E4}.Release|Any CPU.Build.0 = Release|Any CPU
		{1B48F4D8-785B-48F2-8C30-8FFE804CF9E4}.Release|x64.ActiveCfg = Release|Any CPU
		{1B48F4D8-785B-48F2-8C30-8FFE804CF9E4}.Release|x64.Build.0 = Release|Any CPU
		{1B48F4D8-785B-48F2-8C30-8FFE804CF9E4}.Release|x86.ActiveCfg = Release|Any CPU
		{1B48F4D8-785B-48F2-8C30-8FFE804CF9E4}.Release|x86.Build.0 = Release|Any CPU
		{3B7C2E41-F152-4646-94B1-18E524298A9E}.Debug|Any CPU.ActiveCfg = Debug|Any CPU
		{3B7C2E41-F152-4646-94B1-18E524298A9E}.Debug|Any CPU.Build.0 = Debug|Any CPU
		{3B7C2E41-F152-4646-94B1-18E524298A9E}.Debug|x64.ActiveCfg = Debug|Any CPU
		{3B7C2E41-F152-4646-94B1-18E524298A9E}.Debug|x64.Build.0 = Debug|Any CPU
		{3B7C2E41-F152-4646-94B1-18E524298A9E}.Debug|x86.ActiveCfg = Debug|Any CPU
		{3B7C2E41-F152-4646-94B1-18E524298A9E}.Debug|x86.Build.0 = Debug|Any CPU
		{3B7C2E41-F152-4646-94B1-18E524298A9E}.Release|Any CPU.ActiveCfg = Release|Any CPU
		{3B7C2E41-F152-4646-94B1-18E524298A9E}.Release|Any CPU.Build.0 = Release|Any CPU
		{3B7C2E41-F152-4646-94B1-18E524298A9E}.Release|x64.ActiveCfg = Release|Any CPU
		{3B7C2E41-F152-4646-94B1-18E524298A9E}.Release|x64.Build.0 = Release|Any CPU
		{3B7C2E41-F152-4646-94B1-18E524298A9E}.Release|x86.ActiveCfg = Release|Any CPU
		{3B7C2E41-F152-4646-94B1-18E524298A9E}.Release|x86.Build.0 = Release|Any CPU
		{5B621A7B-EC43-4955-9B9C-4A4D41AD5D7C}.Debug|Any CPU.ActiveCfg = Debug|Any CPU
		{5B621A7B-EC43-4955-9B9C-4A4D41AD5D7C}.Debug|Any CPU.Build.0 = Debug|Any CPU
		{5B621A7B-EC43-4955-9B9C-4A4D41AD5D7C}.Debug|x64.ActiveCfg = Debug|Any CPU
		{5B621A7B-EC43-4955-9B9C-4A4D41AD5D7C}.Debug|x64.Build.0 = Debug|Any CPU
		{5B621A7B-EC43-4955-9B9C-4A4D41AD5D7C}.Debug|x86.ActiveCfg = Debug|Any CPU
		{5B621A7B-EC43-4955-9B9C-4A4D41AD5D7C}.Debug|x86.Build.0 = Debug|Any CPU
		{5B621A7B-EC43-4955-9B9C-4A4D41AD5D7C}.Release|Any CPU.ActiveCfg = Release|Any CPU
		{5B621A7B-EC43-4955-9B9C-4A4D41AD5D7C}.Release|Any CPU.Build.0 = Release|Any CPU
		{5B621A7B-EC43-4955-9B9C-4A4D41AD5D7C}.Release|x64.ActiveCfg = Release|Any CPU
		{5B621A7B-EC43-4955-9B9C-4A4D41AD5D7C}.Release|x64.Build.0 = Release|Any CPU
		{5B621A7B-EC43-4955-9B9C-4A4D41AD5D7C}.Release|x86.ActiveCfg = Release|Any CPU
		{5B621A7B-EC43-4955-9B9C-4A4D41AD5D7C}.Release|x86.Build.0 = Release|Any CPU
		{EC0C58F9-4536-460D-8BBF-CAFF5D43E2AF}.Debug|Any CPU.ActiveCfg = Debug|Any CPU
		{EC0C58F9-4536-460D-8BBF-CAFF5D43E2AF}.Debug|Any CPU.Build.0 = Debug|Any CPU
		{EC0C58F9-4536-460D-8BBF-CAFF5D43E2AF}.Debug|x64.ActiveCfg = Debug|Any CPU
		{EC0C58F9-4536-460D-8BBF-CAFF5D43E2AF}.Debug|x64.Build.0 = Debug|Any CPU
		{EC0C58F9-4536-460D-8BBF-CAFF5D43E2AF}.Debug|x86.ActiveCfg = Debug|Any CPU
		{EC0C58F9-4536-460D-8BBF-CAFF5D43E2AF}.Debug|x86.Build.0 = Debug|Any CPU
		{EC0C58F9-4536-460D-8BBF-CAFF5D43E2AF}.Release|Any CPU.ActiveCfg = Release|Any CPU
		{EC0C58F9-4536-460D-8BBF-CAFF5D43E2AF}.Release|Any CPU.Build.0 = Release|Any CPU
		{EC0C58F9-4536-460D-8BBF-CAFF5D43E2AF}.Release|x64.ActiveCfg = Release|Any CPU
		{EC0C58F9-4536-460D-8BBF-CAFF5D43E2AF}.Release|x64.Build.0 = Release|Any CPU
		{EC0C58F9-4536-460D-8BBF-CAFF5D43E2AF}.Release|x86.ActiveCfg = Release|Any CPU
		{EC0C58F9-4536-460D-8BBF-CAFF5D43E2AF}.Release|x86.Build.0 = Release|Any CPU
	EndGlobalSection
	GlobalSection(SolutionProperties) = preSolution
		HideSolutionNode = FALSE
	EndGlobalSection
	GlobalSection(NestedProjects) = preSolution
		{7D6C2177-4D9A-4830-BD9E-2C13950C82E5} = {827E0CD3-B72D-47B6-A68D-7590B98EB39B}
		{0BD5EC78-4D35-4C03-87FA-BC4DB041BCDF} = {827E0CD3-B72D-47B6-A68D-7590B98EB39B}
		{6BEE0A6E-C18F-4275-B116-B151E8527B48} = {827E0CD3-B72D-47B6-A68D-7590B98EB39B}
		{E57D0663-94D8-4AB9-960E-010E6154A5AA} = {827E0CD3-B72D-47B6-A68D-7590B98EB39B}
		{C4FCA10E-4EDF-42C0-8FB3-3CC5D7E9053E} = {827E0CD3-B72D-47B6-A68D-7590B98EB39B}
		{DF7A9666-0F88-42CA-827A-9501CFCF9524} = {827E0CD3-B72D-47B6-A68D-7590B98EB39B}
		{9B56FD6B-E0AD-42FF-A8D1-1850C75E559C} = {0AB3BF05-4346-4AA6-1389-037BE0695223}
		{6C7AD96C-61D1-4097-853B-161973D2AE7D} = {0AB3BF05-4346-4AA6-1389-037BE0695223}
		{040B4B6E-37A6-447F-9A9E-560D38A73DB0} = {0AB3BF05-4346-4AA6-1389-037BE0695223}
		{B909FA2D-2CA5-4197-9A7E-993594D6C0E0} = {0AB3BF05-4346-4AA6-1389-037BE0695223}
		{B560F439-8F4F-4871-83C3-9B30121CC6E5} = {0AB3BF05-4346-4AA6-1389-037BE0695223}
		{A3F45CFB-6147-441A-9B6D-CEB952FBEC45} = {0AB3BF05-4346-4AA6-1389-037BE0695223}
		{C645998C-74C4-4E33-B3FD-450FA33DE496} = {827E0CD3-B72D-47B6-A68D-7590B98EB39B}
		{45C62B1D-8185-42FB-954A-170D382F667E} = {0AB3BF05-4346-4AA6-1389-037BE0695223}
		{4D05F1EA-3154-434D-A0AB-D31CB424540C} = {827E0CD3-B72D-47B6-A68D-7590B98EB39B}
		{9CB6AF93-36EE-489E-84CB-FC0CF6A12DC1} = {0AB3BF05-4346-4AA6-1389-037BE0695223}
		{3CA49765-16D7-4431-9473-2B94F5A21FB5} = {827E0CD3-B72D-47B6-A68D-7590B98EB39B}
		{EED7D390-D2BA-4E7C-A30A-34A0D628A284} = {5D20AA90-6969-D8BD-9DCD-8634F4692FDA}
		{49F93DA5-15BF-4073-9D7E-9741BDC8FD1F} = {0AB3BF05-4346-4AA6-1389-037BE0695223}
		{8BBFBFA8-00B7-4354-AE2E-6CC6BA7A747E} = {0AB3BF05-4346-4AA6-1389-037BE0695223}
		{93E7E2C4-8760-41A1-AB0C-8C84B688498A} = {827E0CD3-B72D-47B6-A68D-7590B98EB39B}
		{2BDBE3E1-A665-4FA8-844B-D262C1AA9CFB} = {0AB3BF05-4346-4AA6-1389-037BE0695223}
		{D0DAE3A3-F8C8-427F-A29C-EA6075067702} = {827E0CD3-B72D-47B6-A68D-7590B98EB39B}
		{A4637D5E-2369-402D-97D0-C248EEBB6E68} = {0AB3BF05-4346-4AA6-1389-037BE0695223}
		{3830B52A-D87B-4216-AFA6-95EA872A4F6D} = {827E0CD3-B72D-47B6-A68D-7590B98EB39B}
		{A3293F77-0EA7-4FD6-BFE5-7DDC865757CC} = {0AB3BF05-4346-4AA6-1389-037BE0695223}
		{19B7BA9C-0F93-442F-A798-012574FD0AA6} = {66320409-64EC-F7C5-3DEF-65E7510DAAD1}
		{78A906BB-C699-41D9-84EC-72C4A86C51CA} = {0AB3BF05-4346-4AA6-1389-037BE0695223}
		{DB932527-C17F-4F34-BB2C-DF0920BD0E89} = {0AB3BF05-4346-4AA6-1389-037BE0695223}
		{2CED088F-EF97-4A01-804E-EA313A509409} = {0AB3BF05-4346-4AA6-1389-037BE0695223}
		{11242C81-873E-44AC-A938-093E4A670A48} = {0AB3BF05-4346-4AA6-1389-037BE0695223}
		{3B084659-7011-4E1B-8591-0002D963E7C2} = {5D20AA90-6969-D8BD-9DCD-8634F4692FDA}
		{1B48F4D8-785B-48F2-8C30-8FFE804CF9E4} = {827E0CD3-B72D-47B6-A68D-7590B98EB39B}
		{3B7C2E41-F152-4646-94B1-18E524298A9E} = {0AB3BF05-4346-4AA6-1389-037BE0695223}
		{5B621A7B-EC43-4955-9B9C-4A4D41AD5D7C} = {827E0CD3-B72D-47B6-A68D-7590B98EB39B}
		{EC0C58F9-4536-460D-8BBF-CAFF5D43E2AF} = {827E0CD3-B72D-47B6-A68D-7590B98EB39B}
	EndGlobalSection
EndGlobal
